<Solution>
  <Folder Name="/src/">
    <Project Path="src/Blokemon.App/Blokemon.App.fsproj" />
    <Project Path="src/Blokemon.App.Catalogue/Blokemon.App.Catalogue.fsproj" />
    <Project Path="src/Blokemon.App.Client/Blokemon.App.Client.csproj" />
    <Project Path="src/Blokemon.App.Contracts/Blokemon.App.Contracts.csproj" />
    <Project Path="src/Blokemon.CardGen/Blokemon.CardGen.fsproj" />
    <Project Path="src/Blokemon.Core/Blokemon.Core.fsproj" />
    <Project Path="src/Blokemon.Core.Codecs/Blokemon.Core.Codecs.csproj" />
    <Project Path="src/Blokemon.Core.Contracts/Blokemon.Core.Contracts.fsproj" />
    <Project Path="src/Blokemon.Game/Blokemon.Game.csproj" />
    <Project Path="src/Blokemon.PackGen/Blokemon.PackGen.fsproj" />
    <Project Path="src/Blokemon.Product/Blokemon.Product.fsproj" />
    <Project Path="src/Blokemon.Sheet/Blokemon.Sheet.fsproj" />
    <Project Path="src/Blokemon.Web.Client/Blokemon.Web.Client.csproj" />
    <Project Path="src/Blokemon.Web.Bootstrap/Blokemon.Web.Bootstrap.csproj" />
    <Project Path="src/Blokemon.Web.Content/Blokemon.Web.Content.csproj" />
    <Project Path="src/Blokemon.Web/Blokemon.Web.csproj" />
  </Folder>
  <Folder Name="/tests/">
    <Project Path="tests/Blokemon.Core.Tests/Blokemon.Core.Tests.fsproj" />
    <Project Path="tests/Blokemon.Game.Tests/Blokemon.Game.Tests.csproj" />
    <Project Path="tests/Blokemon.Product.Tests/Blokemon.Product.Tests.fsproj" />
    <Project Path="tests/Blokemon.Web.Tests/Blokemon.Web.Tests.csproj" />
  </Folder>
</Solution>
